
Microsoft Visual Studio Solution File, Format Version 12.00
Project("{FAE04EC0-301F-11D3-BF4B-00C04F79EFBC}") = "WordCountUnitTests", "WordCountUnitTests\WordCountUnitTests.csproj", "{30B82549-0121-4720-B4E8-36F16ECBD190}"
EndProject
Project("{FAE04EC0-301F-11D3-BF4B-00C04F79EFBC}") = "WordCount", "WordCountAPI\WordCount.csproj", "{4F5C4975-F19F-4C6D-8779-86C19EFBDE9C}"
EndProject
Global
	GlobalSection(SolutionConfigurationPlatforms) = preSolution
		Debug|Any CPU = Debug|Any CPU
		Release|Any CPU = Release|Any CPU
	EndGlobalSection
	GlobalSection(ProjectConfigurationPlatforms) = postSolution
		{30B82549-0121-4720-B4E8-36F16ECBD190}.Debug|Any CPU.ActiveCfg = Debug|Any CPU
		{30B82549-0121-4720-B4E8-36F16ECBD190}.Debug|Any CPU.Build.0 = Debug|Any CPU
		{30B82549-0121-4720-B4E8-36F16ECBD190}.Release|Any CPU.ActiveCfg = Release|Any CPU
		{30B82549-0121-4720-B4E8-36F16ECBD190}.Release|Any CPU.Build.0 = Release|Any CPU
		{4F5C4975-F19F-4C6D-8779-86C19EFBDE9C}.Debug|Any CPU.ActiveCfg = Debug|Any CPU
		{4F5C4975-F19F-4C6D-8779-86C19EFBDE9C}.Debug|Any CPU.Build.0 = Debug|Any CPU
		{4F5C4975-F19F-4C6D-8779-86C19EFBDE9C}.Release|Any CPU.ActiveCfg = Release|Any CPU
		{4F5C4975-F19F-4C6D-8779-86C19EFBDE9C}.Release|Any CPU.Build.0 = Release|Any CPU
	EndGlobalSection
EndGlobal
