
Microsoft Visual Studio Solution File, Format Version 12.00
Project("{FAE04EC0-301F-11D3-BF4B-00C04F79EFBC}") = "WordCount", "WordCount.csproj", "{AD77BB73-3B3A-4539-9ACC-0BB104855883}"
EndProject
Global
	GlobalSection(SolutionConfigurationPlatforms) = preSolution
		Debug|Any CPU = Debug|Any CPU
		Release|Any CPU = Release|Any CPU
	EndGlobalSection
	GlobalSection(ProjectConfigurationPlatforms) = postSolution
		{AD77BB73-3B3A-4539-9ACC-0BB104855883}.Debug|Any CPU.ActiveCfg = Debug|Any CPU
		{AD77BB73-3B3A-4539-9ACC-0BB104855883}.Debug|Any CPU.Build.0 = Debug|Any CPU
		{AD77BB73-3B3A-4539-9ACC-0BB104855883}.Release|Any CPU.ActiveCfg = Release|Any CPU
		{AD77BB73-3B3A-4539-9ACC-0BB104855883}.Release|Any CPU.Build.0 = Release|Any CPU
	EndGlobalSection
EndGlobal
